
Microsoft Visual Studio Solution File, Format Version 12.00
# Visual Studio 15
VisualStudioVersion = 15.0.27130.2020
MinimumVisualStudioVersion = 10.0.40219.1
Project("{9A19103F-16F7-4668-BE54-9A1E7A4F7556}") = "MapTileService", "MapTileService\MapTileService.csproj", "{41E5023C-8022-4E2B-8EC2-7628F7C9AFCA}"
EndProject
Project("{9A19103F-16F7-4668-BE54-9A1E7A4F7556}") = "MapTileService.TestClient", "MapTileService.TestClient\MapTileService.TestClient.csproj", "{1A25B940-C5D9-4006-AA5A-D0C98FC07411}"
EndProject
Project("{9A19103F-16F7-4668-BE54-9A1E7A4F7556}") = "MapTileService.MBTiles", "MapTileService.MBTiles\MapTileService.MBTiles.csproj", "{29173FB9-FC91-4C27-BBAD-AB26C425B16F}"
EndProject
Project("{2150E333-8FDC-42A3-9474-1A3956D46DE8}") = "Docs", "Docs", "{E668B120-5454-4313-91F2-474E235FA805}"
	ProjectSection(SolutionItems) = preProject
		..\README.md = ..\README.md
	EndProjectSection
EndProject
Global
	GlobalSection(SolutionConfigurationPlatforms) = preSolution
		Debug|Any CPU = Debug|Any CPU
		Release|Any CPU = Release|Any CPU
	EndGlobalSection
	GlobalSection(ProjectConfigurationPlatforms) = postSolution
		{41E5023C-8022-4E2B-8EC2-7628F7C9AFCA}.Debug|Any CPU.ActiveCfg = Debug|Any CPU
		{41E5023C-8022-4E2B-8EC2-7628F7C9AFCA}.Debug|Any CPU.Build.0 = Debug|Any CPU
		{41E5023C-8022-4E2B-8EC2-7628F7C9AFCA}.Release|Any CPU.ActiveCfg = Release|Any CPU
		{41E5023C-8022-4E2B-8EC2-7628F7C9AFCA}.Release|Any CPU.Build.0 = Release|Any CPU
		{1A25B940-C5D9-4006-AA5A-D0C98FC07411}.Debug|Any CPU.ActiveCfg = Debug|Any CPU
		{1A25B940-C5D9-4006-AA5A-D0C98FC07411}.Debug|Any CPU.Build.0 = Debug|Any CPU
		{1A25B940-C5D9-4006-AA5A-D0C98FC07411}.Release|Any CPU.ActiveCfg = Release|Any CPU
		{1A25B940-C5D9-4006-AA5A-D0C98FC07411}.Release|Any CPU.Build.0 = Release|Any CPU
		{29173FB9-FC91-4C27-BBAD-AB26C425B16F}.Debug|Any CPU.ActiveCfg = Debug|Any CPU
		{29173FB9-FC91-4C27-BBAD-AB26C425B16F}.Debug|Any CPU.Build.0 = Debug|Any CPU
		{29173FB9-FC91-4C27-BBAD-AB26C425B16F}.Release|Any CPU.ActiveCfg = Release|Any CPU
		{29173FB9-FC91-4C27-BBAD-AB26C425B16F}.Release|Any CPU.Build.0 = Release|Any CPU
	EndGlobalSection
	GlobalSection(SolutionProperties) = preSolution
		HideSolutionNode = FALSE
	EndGlobalSection
	GlobalSection(ExtensibilityGlobals) = postSolution
		SolutionGuid = {E10DB3A4-A319-4955-89F4-EBAC0F5A441E}
	EndGlobalSection
EndGlobal
